{
  "version": 4,
  "terraform_version": "1.7.3",
  "serial": 39,
  "lineage": "641c345e-2686-4725-cb67-e4b2062aa04a",
  "outputs": {},
  "resources": [
    {
      "mode": "managed",
      "type": "libvirt_pool",
      "name": "cluster",
      "provider": "provider[\"registry.terraform.io/dmacvicar/libvirt\"]",
      "instances": [
        {
          "schema_version": 0,
          "attributes": {
            "allocation": 16426827776,
            "available": 458024239104,
            "capacity": 474451066880,
            "id": "a7eaa393-f55c-408c-99f3-1b72fc974add",
            "name": "clustermilo",
            "path": "/home/milo/images",
            "type": "dir",
            "xml": []
          },
          "sensitive_attributes": [],
          "private": "bnVsbA=="
        }
      ]
    },
    {
      "mode": "managed",
      "type": "libvirt_volume",
      "name": "volumes",
      "provider": "provider[\"registry.terraform.io/dmacvicar/libvirt\"]",
      "instances": [
        {
          "schema_version": 0,
          "attributes": {
            "base_volume_id": null,
            "base_volume_name": null,
            "base_volume_pool": null,
            "format": "qcow2",
            "id": "/home/milo/images/volumes",
            "name": "volumes",
            "pool": "clustermilo",
            "size": 10737418240,
            "source": "/home/milo/terraform-libvirt-kvm/Ubuntu_server.img",
            "xml": []
          },
          "sensitive_attributes": [],
          "private": "bnVsbA==",
          "dependencies": [
            "libvirt_pool.cluster"
          ]
        }
      ]
    }
  ],
  "check_results": null
}
