{
  "version": 4,
  "terraform_version": "1.7.3",
  "serial": 202,
  "lineage": "641c345e-2686-4725-cb67-e4b2062aa04a",
  "outputs": {
    "cloudinit_id": {
      "value": "/home/milo/images/cloudinit.iso;943d6ad8-788f-401e-99ee-7199b77b8f51",
      "type": "string"
    }
  },
  "resources": [
    {
      "module": "module.domain",
      "mode": "managed",
      "type": "libvirt_domain",
      "name": "host",
      "provider": "provider[\"registry.terraform.io/dmacvicar/libvirt\"]",
      "instances": [
        {
          "index_key": "host4",
          "schema_version": 0,
          "attributes": {
            "arch": "x86_64",
            "autostart": false,
            "boot_device": [],
            "cloudinit": "/home/milo/images/cloudinit.iso;943d6ad8-788f-401e-99ee-7199b77b8f51",
            "cmdline": [],
            "console": [
              {
                "source_host": "127.0.0.1",
                "source_path": "",
                "source_service": "0",
                "target_port": "0",
                "target_type": "serial",
                "type": "pty"
              }
            ],
            "coreos_ignition": null,
            "cpu": [
              {
                "mode": "custom"
              }
            ],
            "description": "",
            "disk": [
              {
                "block_device": "",
                "file": "",
                "scsi": false,
                "url": "",
                "volume_id": "/home/milo/images/host1.qcow2",
                "wwn": ""
              }
            ],
            "emulator": "/usr/bin/qemu-system-x86_64",
            "filesystem": [],
            "firmware": null,
            "fw_cfg_name": "opt/com.coreos/config",
            "graphics": [],
            "id": "4daf9db9-8790-4d4c-90f6-d79ac30690b4",
            "initrd": "",
            "kernel": "",
            "machine": "ubuntu",
            "memory": 512,
            "metadata": null,
            "name": "host4",
            "network_interface": [
              {
                "addresses": [
                  "192.168.122.250"
                ],
                "bridge": "",
                "hostname": "",
                "mac": "52:54:00:5A:FD:95",
                "macvtap": "",
                "network_id": "6ea6f425-e21f-40f5-9ee6-540b998bad53",
                "network_name": "default",
                "passthrough": "",
                "vepa": "",
                "wait_for_lease": false
              }
            ],
            "nvram": [],
            "qemu_agent": false,
            "running": true,
            "timeouts": null,
            "tpm": [],
            "type": "kvm",
            "vcpu": 1,
            "video": [],
            "xml": []
          },
          "sensitive_attributes": [],
          "private": "eyJlMmJmYjczMC1lY2FhLTExZTYtOGY4OC0zNDM2M2JjN2M0YzAiOnsiY3JlYXRlIjozMDAwMDAwMDAwMDB9fQ==",
          "dependencies": [
            "module.volume.data.template_file.network_config",
            "module.volume.data.template_file.user_data",
            "module.volume.libvirt_cloudinit_disk.cloudinit",
            "module.volume.libvirt_pool.cluster",
            "module.volume.libvirt_volume.volumes"
          ]
        }
      ]
    },
    {
      "module": "module.volume",
      "mode": "data",
      "type": "template_file",
      "name": "network_config",
      "provider": "provider[\"registry.terraform.io/hashicorp/template\"]",
      "instances": [
        {
          "schema_version": 0,
          "attributes": {
            "filename": null,
            "id": "bab5ced171f7c6bc719691e20e79e3e2b135f9ca6bb9a5014e9aaec3011806a8",
            "rendered": "version: 2\nethernets:\n  ens3:\n     dhcp4: true\n",
            "template": "version: 2\nethernets:\n  ens3:\n     dhcp4: true\n",
            "vars": null
          },
          "sensitive_attributes": []
        }
      ]
    },
    {
      "module": "module.volume",
      "mode": "data",
      "type": "template_file",
      "name": "user_data",
      "provider": "provider[\"registry.terraform.io/hashicorp/template\"]",
      "instances": [
        {
          "schema_version": 0,
          "attributes": {
            "filename": null,
            "id": "2788e83ef9a4389e1bf3c5f3fd81f3a96821615914ca8ef6019ac27ce8553b02",
            "rendered": "#cloud-config\n# vim: syntax=yaml\n#\n# ***********************\n# \t---- for more examples look at: ------\n# ---\u003e https://cloudinit.readthedocs.io/en/latest/topics/examples.html\n# ******************************\n#\n# This is the configuration syntax that the write_files module\n# will know how to understand. encoding can be given b64 or gzip or (gz+b64).\n# The content will be decoded accordingly and then written to the path that is\n# provided.\n#\n# Note: Content strings here are truncated for example purposes.\n\n\nusers:\n  - name: milo\n    sudo: ALL=(ALL) NOPASSWD:ALL\n    groups: admin\n    home: /home/milo\n    shell: /bin/bash\n    lock_passwd:true\t\n    ssh-authorized-keys: \n      - ssh-ed25519 CT77YlCNrLCfeERRymwCzIAoWXXlfeh86RudHY77r5o milo@nest\nssh_pwauth: True\ndisable_root: false\nchpasswd:\n  list: |\n       /milo:linux\n  expire: False\npackage_update: true\npackage_upgrade: true\npackages:\n    - qemu-guest-agent\n    - apt-transport-https\n    - ca-certificates\n    - curl\n    - gnupg-agent\n    - software-properties-common\n    - zsh\ngrowpart:\n  mode: auto\n  devices: ['/']\nruncmd:\n  - [ sh, -c, 'sudo apt-key fingerprint 0EBFCD88']\n",
            "template": "#cloud-config\n# vim: syntax=yaml\n#\n# ***********************\n# \t---- for more examples look at: ------\n# ---\u003e https://cloudinit.readthedocs.io/en/latest/topics/examples.html\n# ******************************\n#\n# This is the configuration syntax that the write_files module\n# will know how to understand. encoding can be given b64 or gzip or (gz+b64).\n# The content will be decoded accordingly and then written to the path that is\n# provided.\n#\n# Note: Content strings here are truncated for example purposes.\n\n\nusers:\n  - name: milo\n    sudo: ALL=(ALL) NOPASSWD:ALL\n    groups: admin\n    home: /home/milo\n    shell: /bin/bash\n    lock_passwd:true\t\n    ssh-authorized-keys: \n      - ssh-ed25519 CT77YlCNrLCfeERRymwCzIAoWXXlfeh86RudHY77r5o milo@nest\nssh_pwauth: True\ndisable_root: false\nchpasswd:\n  list: |\n       /milo:linux\n  expire: False\npackage_update: true\npackage_upgrade: true\npackages:\n    - qemu-guest-agent\n    - apt-transport-https\n    - ca-certificates\n    - curl\n    - gnupg-agent\n    - software-properties-common\n    - zsh\ngrowpart:\n  mode: auto\n  devices: ['/']\nruncmd:\n  - [ sh, -c, 'sudo apt-key fingerprint 0EBFCD88']\n",
            "vars": null
          },
          "sensitive_attributes": []
        }
      ]
    },
    {
      "module": "module.volume",
      "mode": "managed",
      "type": "libvirt_cloudinit_disk",
      "name": "cloudinit",
      "provider": "provider[\"registry.terraform.io/dmacvicar/libvirt\"]",
      "instances": [
        {
          "schema_version": 0,
          "attributes": {
            "id": "/home/milo/images/cloudinit.iso;943d6ad8-788f-401e-99ee-7199b77b8f51",
            "meta_data": "",
            "name": "cloudinit.iso",
            "network_config": "version: 2\nethernets:\n  ens3:\n     dhcp4: true\n",
            "pool": "clustermilo",
            "user_data": "#cloud-config\n# vim: syntax=yaml\n#\n# ***********************\n# \t---- for more examples look at: ------\n# ---\u003e https://cloudinit.readthedocs.io/en/latest/topics/examples.html\n# ******************************\n#\n# This is the configuration syntax that the write_files module\n# will know how to understand. encoding can be given b64 or gzip or (gz+b64).\n# The content will be decoded accordingly and then written to the path that is\n# provided.\n#\n# Note: Content strings here are truncated for example purposes.\n\n\nusers:\n  - name: milo\n    sudo: ALL=(ALL) NOPASSWD:ALL\n    groups: admin\n    home: /home/milo\n    shell: /bin/bash\n    lock_passwd:true\t\n    ssh-authorized-keys: \n      - ssh-ed25519 CT77YlCNrLCfeERRymwCzIAoWXXlfeh86RudHY77r5o milo@nest\nssh_pwauth: True\ndisable_root: false\nchpasswd:\n  list: |\n       /milo:linux\n  expire: False\npackage_update: true\npackage_upgrade: true\npackages:\n    - qemu-guest-agent\n    - apt-transport-https\n    - ca-certificates\n    - curl\n    - gnupg-agent\n    - software-properties-common\n    - zsh\ngrowpart:\n  mode: auto\n  devices: ['/']\nruncmd:\n  - [ sh, -c, 'sudo apt-key fingerprint 0EBFCD88']\n"
          },
          "sensitive_attributes": [],
          "private": "bnVsbA==",
          "dependencies": [
            "module.volume.data.template_file.network_config",
            "module.volume.data.template_file.user_data",
            "module.volume.libvirt_pool.cluster"
          ]
        }
      ]
    },
    {
      "module": "module.volume",
      "mode": "managed",
      "type": "libvirt_pool",
      "name": "cluster",
      "provider": "provider[\"registry.terraform.io/dmacvicar/libvirt\"]",
      "instances": [
        {
          "schema_version": 0,
          "attributes": {
            "allocation": 21555986432,
            "available": 452895080448,
            "capacity": 474451066880,
            "id": "a6774e7a-1a66-4b99-a716-1c0b2b2897d4",
            "name": "clustermilo",
            "path": "/home/milo/images",
            "type": "dir",
            "xml": []
          },
          "sensitive_attributes": [],
          "private": "bnVsbA=="
        }
      ]
    },
    {
      "module": "module.volume",
      "mode": "managed",
      "type": "libvirt_volume",
      "name": "volumes",
      "provider": "provider[\"registry.terraform.io/dmacvicar/libvirt\"]",
      "instances": [
        {
          "index_key": "host1",
          "schema_version": 0,
          "attributes": {
            "base_volume_id": null,
            "base_volume_name": null,
            "base_volume_pool": null,
            "format": "qcow2",
            "id": "/home/milo/images/host1.qcow2",
            "name": "host1.qcow2",
            "pool": "clustermilo",
            "size": 2361393152,
            "source": "https://cloud-images.ubuntu.com/releases/xenial/release/ubuntu-16.04-server-cloudimg-amd64-disk1.img",
            "xml": []
          },
          "sensitive_attributes": [],
          "private": "bnVsbA==",
          "dependencies": [
            "module.volume.libvirt_pool.cluster"
          ]
        },
        {
          "index_key": "host2",
          "schema_version": 0,
          "attributes": {
            "base_volume_id": null,
            "base_volume_name": null,
            "base_volume_pool": null,
            "format": "qcow2",
            "id": "/home/milo/images/host2.qcow2",
            "name": "host2.qcow2",
            "pool": "clustermilo",
            "size": 2361393152,
            "source": "https://cloud-images.ubuntu.com/releases/xenial/release/ubuntu-16.04-server-cloudimg-amd64-disk1.img",
            "xml": []
          },
          "sensitive_attributes": [],
          "private": "bnVsbA==",
          "dependencies": [
            "module.volume.libvirt_pool.cluster"
          ]
        },
        {
          "index_key": "host3",
          "schema_version": 0,
          "attributes": {
            "base_volume_id": null,
            "base_volume_name": null,
            "base_volume_pool": null,
            "format": "qcow2",
            "id": "/home/milo/images/host3.qcow2",
            "name": "host3.qcow2",
            "pool": "clustermilo",
            "size": 2361393152,
            "source": "https://cloud-images.ubuntu.com/releases/xenial/release/ubuntu-16.04-server-cloudimg-amd64-disk1.img",
            "xml": []
          },
          "sensitive_attributes": [],
          "private": "bnVsbA==",
          "dependencies": [
            "module.volume.libvirt_pool.cluster"
          ]
        },
        {
          "index_key": "host4",
          "schema_version": 0,
          "attributes": {
            "base_volume_id": null,
            "base_volume_name": null,
            "base_volume_pool": null,
            "format": "qcow2",
            "id": "/home/milo/images/host4.qcow2",
            "name": "host4.qcow2",
            "pool": "clustermilo",
            "size": 2361393152,
            "source": "https://cloud-images.ubuntu.com/releases/xenial/release/ubuntu-16.04-server-cloudimg-amd64-disk1.img",
            "xml": []
          },
          "sensitive_attributes": [],
          "private": "bnVsbA==",
          "dependencies": [
            "module.volume.libvirt_pool.cluster"
          ]
        },
        {
          "index_key": "host5",
          "schema_version": 0,
          "attributes": {
            "base_volume_id": null,
            "base_volume_name": null,
            "base_volume_pool": null,
            "format": "qcow2",
            "id": "/home/milo/images/host5.qcow2",
            "name": "host5.qcow2",
            "pool": "clustermilo",
            "size": 2361393152,
            "source": "https://cloud-images.ubuntu.com/releases/xenial/release/ubuntu-16.04-server-cloudimg-amd64-disk1.img",
            "xml": []
          },
          "sensitive_attributes": [],
          "private": "bnVsbA==",
          "dependencies": [
            "module.volume.libvirt_pool.cluster"
          ]
        }
      ]
    }
  ],
  "check_results": null
}
