{
  "version": 4,
  "terraform_version": "1.7.3",
  "serial": 95,
  "lineage": "641c345e-2686-4725-cb67-e4b2062aa04a",
  "outputs": {},
  "resources": [
    {
      "module": "module.domain",
      "mode": "managed",
      "type": "libvirt_domain",
      "name": "host",
      "provider": "provider[\"registry.terraform.io/dmacvicar/libvirt\"]",
      "instances": [
        {
          "index_key": "host4",
          "schema_version": 0,
          "attributes": {
            "arch": "x86_64",
            "autostart": false,
            "boot_device": [],
            "cloudinit": null,
            "cmdline": [],
            "console": [
              {
                "source_host": "127.0.0.1",
                "source_path": "",
                "source_service": "0",
                "target_port": "0",
                "target_type": "serial",
                "type": "pty"
              }
            ],
            "coreos_ignition": null,
            "cpu": [
              {
                "mode": "custom"
              }
            ],
            "description": "",
            "disk": [
              {
                "block_device": "",
                "file": "",
                "scsi": false,
                "url": "",
                "volume_id": "/home/milo/images/host1.qcow2",
                "wwn": ""
              }
            ],
            "emulator": "/usr/bin/qemu-system-x86_64",
            "filesystem": [],
            "firmware": null,
            "fw_cfg_name": "opt/com.coreos/config",
            "graphics": [],
            "id": "a4382ce7-8059-49be-bd14-6e7784da67ec",
            "initrd": "",
            "kernel": "",
            "machine": "ubuntu",
            "memory": 2048,
            "metadata": null,
            "name": "host4",
            "network_interface": [
              {
                "addresses": [],
                "bridge": "",
                "hostname": "",
                "mac": "52:54:00:3E:DF:4D",
                "macvtap": "",
                "network_id": "6ea6f425-e21f-40f5-9ee6-540b998bad53",
                "network_name": "default",
                "passthrough": "",
                "vepa": "",
                "wait_for_lease": false
              }
            ],
            "nvram": [],
            "qemu_agent": false,
            "running": true,
            "timeouts": null,
            "tpm": [],
            "type": "kvm",
            "vcpu": 2,
            "video": [],
            "xml": []
          },
          "sensitive_attributes": [],
          "private": "eyJlMmJmYjczMC1lY2FhLTExZTYtOGY4OC0zNDM2M2JjN2M0YzAiOnsiY3JlYXRlIjozMDAwMDAwMDAwMDB9fQ==",
          "dependencies": [
            "module.volume.libvirt_pool.cluster",
            "module.volume.libvirt_volume.volumes"
          ]
        }
      ]
    },
    {
      "module": "module.volume",
      "mode": "managed",
      "type": "libvirt_pool",
      "name": "cluster",
      "provider": "provider[\"registry.terraform.io/dmacvicar/libvirt\"]",
      "instances": [
        {
          "schema_version": 0,
          "attributes": {
            "allocation": 17597677568,
            "available": 456853389312,
            "capacity": 474451066880,
            "id": "a6774e7a-1a66-4b99-a716-1c0b2b2897d4",
            "name": "clustermilo",
            "path": "/home/milo/images",
            "type": "dir",
            "xml": []
          },
          "sensitive_attributes": [],
          "private": "bnVsbA=="
        }
      ]
    },
    {
      "module": "module.volume",
      "mode": "managed",
      "type": "libvirt_volume",
      "name": "volumes",
      "provider": "provider[\"registry.terraform.io/dmacvicar/libvirt\"]",
      "instances": [
        {
          "index_key": "host1",
          "schema_version": 0,
          "attributes": {
            "base_volume_id": null,
            "base_volume_name": null,
            "base_volume_pool": null,
            "format": "qcow2",
            "id": "/home/milo/images/host1.qcow2",
            "name": "host1.qcow2",
            "pool": "clustermilo",
            "size": 10737418240,
            "source": "/home/milo/terraform-libvirt-kvm/Ubuntu_server.img",
            "xml": []
          },
          "sensitive_attributes": [],
          "private": "bnVsbA==",
          "dependencies": [
            "module.volume.libvirt_pool.cluster"
          ]
        },
        {
          "index_key": "host2",
          "schema_version": 0,
          "attributes": {
            "base_volume_id": null,
            "base_volume_name": null,
            "base_volume_pool": null,
            "format": "qcow2",
            "id": "/home/milo/images/host2.qcow2",
            "name": "host2.qcow2",
            "pool": "clustermilo",
            "size": 10737418240,
            "source": "/home/milo/terraform-libvirt-kvm/Ubuntu_server.img",
            "xml": []
          },
          "sensitive_attributes": [],
          "private": "bnVsbA==",
          "dependencies": [
            "module.volume.libvirt_pool.cluster"
          ]
        },
        {
          "index_key": "host3",
          "schema_version": 0,
          "attributes": {
            "base_volume_id": null,
            "base_volume_name": null,
            "base_volume_pool": null,
            "format": "qcow2",
            "id": "/home/milo/images/host3.qcow2",
            "name": "host3.qcow2",
            "pool": "clustermilo",
            "size": 10737418240,
            "source": "/home/milo/terraform-libvirt-kvm/Ubuntu_server.img",
            "xml": []
          },
          "sensitive_attributes": [],
          "private": "bnVsbA==",
          "dependencies": [
            "module.volume.libvirt_pool.cluster"
          ]
        },
        {
          "index_key": "host4",
          "schema_version": 0,
          "attributes": {
            "base_volume_id": null,
            "base_volume_name": null,
            "base_volume_pool": null,
            "format": "qcow2",
            "id": "/home/milo/images/host4.qcow2",
            "name": "host4.qcow2",
            "pool": "clustermilo",
            "size": 10737418240,
            "source": "/home/milo/terraform-libvirt-kvm/Ubuntu_server.img",
            "xml": []
          },
          "sensitive_attributes": [],
          "private": "bnVsbA==",
          "dependencies": [
            "module.volume.libvirt_pool.cluster"
          ]
        },
        {
          "index_key": "host5",
          "schema_version": 0,
          "attributes": {
            "base_volume_id": null,
            "base_volume_name": null,
            "base_volume_pool": null,
            "format": "qcow2",
            "id": "/home/milo/images/host5.qcow2",
            "name": "host5.qcow2",
            "pool": "clustermilo",
            "size": 10737418240,
            "source": "/home/milo/terraform-libvirt-kvm/Ubuntu_server.img",
            "xml": []
          },
          "sensitive_attributes": [],
          "private": "bnVsbA==",
          "dependencies": [
            "module.volume.libvirt_pool.cluster"
          ]
        }
      ]
    }
  ],
  "check_results": null
}
